{
  "pins" : [
    {
      "identity" : "richtext",
      "kind" : "remoteSourceControl",
      "location" : "https://github.com/NuPlay/RichText",
      "state" : {
        "branch" : "main",
        "revision" : "e771ba5048fdcc5900dc3b16e0a0dd0511f7f919"
      }
    },
    {
      "identity" : "sdwebimage",
      "kind" : "remoteSourceControl",
      "location" : "https://github.com/SDWebImage/SDWebImage.git",
      "state" : {
        "revision" : "2e63d0061da449ad0ed130768d05dceb1496de44",
        "version" : "5.12.5"
      }
    },
    {
      "identity" : "sdwebimageswiftui",
      "kind" : "remoteSourceControl",
      "location" : "https://github.com/SDWebImage/SDWebImageSwiftUI",
      "state" : {
        "branch" : "master",
        "revision" : "336d3f6d3b53729c1f274bf6b75f4532ada116eb"
      }
    }
  ],
  "version" : 2
}
